
Microsoft Visual Studio Solution File, Format Version 12.00
# Visual Studio 15
VisualStudioVersion = 15.0.27428.2011
MinimumVisualStudioVersion = 10.0.40219.1
Project("{9A19103F-16F7-4668-BE54-9A1E7A4F7556}") = "scimApp", "scimApp\scimApp.csproj", "{D7D34C4B-804E-44E4-927F-0C2E260A2308}"
EndProject
Project("{FAE04EC0-301F-11D3-BF4B-00C04F79EFBC}") = "GroupApp", "GroupApp\GroupApp.csproj", "{5A003862-8494-4D5A-8132-F049041D72BA}"
EndProject
Global
	GlobalSection(SolutionConfigurationPlatforms) = preSolution
		Debug|Any CPU = Debug|Any CPU
		Release|Any CPU = Release|Any CPU
	EndGlobalSection
	GlobalSection(ProjectConfigurationPlatforms) = postSolution
		{D7D34C4B-804E-44E4-927F-0C2E260A2308}.Debug|Any CPU.ActiveCfg = Debug|Any CPU
		{D7D34C4B-804E-44E4-927F-0C2E260A2308}.Debug|Any CPU.Build.0 = Debug|Any CPU
		{D7D34C4B-804E-44E4-927F-0C2E260A2308}.Release|Any CPU.ActiveCfg = Release|Any CPU
		{D7D34C4B-804E-44E4-927F-0C2E260A2308}.Release|Any CPU.Build.0 = Release|Any CPU
		{5A003862-8494-4D5A-8132-F049041D72BA}.Debug|Any CPU.ActiveCfg = Debug|Any CPU
		{5A003862-8494-4D5A-8132-F049041D72BA}.Debug|Any CPU.Build.0 = Debug|Any CPU
		{5A003862-8494-4D5A-8132-F049041D72BA}.Release|Any CPU.ActiveCfg = Release|Any CPU
		{5A003862-8494-4D5A-8132-F049041D72BA}.Release|Any CPU.Build.0 = Release|Any CPU
	EndGlobalSection
	GlobalSection(SolutionProperties) = preSolution
		HideSolutionNode = FALSE
	EndGlobalSection
	GlobalSection(ExtensibilityGlobals) = postSolution
		SolutionGuid = {E839CA2D-CE67-45D4-A1A2-44F224C85301}
	EndGlobalSection
EndGlobal
